
Microsoft Visual Studio Solution File, Format Version 12.00
# Visual Studio 15
VisualStudioVersion = 15.0.27130.2010
MinimumVisualStudioVersion = 10.0.40219.1
Project("{FAE04EC0-301F-11D3-BF4B-00C04F79EFBC}") = "SQL_Library", "SQL_Library\SQL_Library.csproj", "{C0EB1F8B-8699-4AA8-ABF9-3F82665485C7}"
EndProject
Project("{FAE04EC0-301F-11D3-BF4B-00C04F79EFBC}") = "DuplicateRecordsProject", "DuplicateRecordsProject\DuplicateRecordsProject.csproj", "{5B367717-081C-4006-B0BA-6AA2D7C87757}"
EndProject
Project("{FAE04EC0-301F-11D3-BF4B-00C04F79EFBC}") = "UtilityLibrary", "UtilityLibrary\UtilityLibrary.csproj", "{993600C9-9A40-4933-A454-261CDE6F2DD2}"
EndProject
Project("{2150E333-8FDC-42A3-9474-1A3956D46DE8}") = "Solution Items", "Solution Items", "{DC136F29-595C-438A-BCF6-73F8144DB3B0}"
	ProjectSection(SolutionItems) = preProject
		readme.md = readme.md
	EndProjectSection
EndProject
Global
	GlobalSection(SolutionConfigurationPlatforms) = preSolution
		Debug|Any CPU = Debug|Any CPU
		Release|Any CPU = Release|Any CPU
	EndGlobalSection
	GlobalSection(ProjectConfigurationPlatforms) = postSolution
		{C0EB1F8B-8699-4AA8-ABF9-3F82665485C7}.Debug|Any CPU.ActiveCfg = Debug|Any CPU
		{C0EB1F8B-8699-4AA8-ABF9-3F82665485C7}.Debug|Any CPU.Build.0 = Debug|Any CPU
		{C0EB1F8B-8699-4AA8-ABF9-3F82665485C7}.Release|Any CPU.ActiveCfg = Release|Any CPU
		{C0EB1F8B-8699-4AA8-ABF9-3F82665485C7}.Release|Any CPU.Build.0 = Release|Any CPU
		{5B367717-081C-4006-B0BA-6AA2D7C87757}.Debug|Any CPU.ActiveCfg = Debug|Any CPU
		{5B367717-081C-4006-B0BA-6AA2D7C87757}.Debug|Any CPU.Build.0 = Debug|Any CPU
		{5B367717-081C-4006-B0BA-6AA2D7C87757}.Release|Any CPU.ActiveCfg = Release|Any CPU
		{5B367717-081C-4006-B0BA-6AA2D7C87757}.Release|Any CPU.Build.0 = Release|Any CPU
		{993600C9-9A40-4933-A454-261CDE6F2DD2}.Debug|Any CPU.ActiveCfg = Debug|Any CPU
		{993600C9-9A40-4933-A454-261CDE6F2DD2}.Debug|Any CPU.Build.0 = Debug|Any CPU
		{993600C9-9A40-4933-A454-261CDE6F2DD2}.Release|Any CPU.ActiveCfg = Release|Any CPU
		{993600C9-9A40-4933-A454-261CDE6F2DD2}.Release|Any CPU.Build.0 = Release|Any CPU
	EndGlobalSection
	GlobalSection(SolutionProperties) = preSolution
		HideSolutionNode = FALSE
	EndGlobalSection
	GlobalSection(ExtensibilityGlobals) = postSolution
		SolutionGuid = {30A1FB1A-0A8C-4132-84DF-A989932D79E8}
	EndGlobalSection
EndGlobal
